// !$*UTF8*$!
{
	archiveVersion = 1;
	classes = {
	};
	objectVersion = 56;
	objects = {

/* Begin PBXBuildFile section */
		6D58C4E528D5C74C00043C1C /* ObjCHelper.m in Sources */ = {isa = PBXBuildFile; fileRef = 6D58C4DD28D5C74C00043C1C /* ObjCHelper.m */; };
		6D58C4E628D5C74C00043C1C /* ViewController.swift in Sources */ = {isa = PBXBuildFile; fileRef = 6D58C4DE28D5C74C00043C1C /* ViewController.swift */; };
		6D58C4E728D5C74C00043C1C /* AppDelegate.swift in Sources */ = {isa = PBXBuildFile; fileRef = 6D58C4DF28D5C74C00043C1C /* AppDelegate.swift */; };
		6D58C4E828D5C74C00043C1C /* LaunchScreen.storyboard in Resources */ = {isa = PBXBuildFile; fileRef = 6D58C4E028D5C74C00043C1C /* LaunchScreen.storyboard */; };
		6D58C4E928D5C74C00043C1C /* SceneDelegate.swift in Sources */ = {isa = PBXBuildFile; fileRef = 6D58C4E128D5C74C00043C1C /* SceneDelegate.swift */; };
		6D58C4EA28D5C74C00043C1C /* Main.storyboard in Resources */ = {isa = PBXBuildFile; fileRef = 6D58C4E228D5C74C00043C1C /* Main.storyboard */; };
		6D58C4EB28D5C74C00043C1C /* Assets.xcassets in Resources */ = {isa = PBXBuildFile; fileRef = 6D58C4E328D5C74C00043C1C /* Assets.xcassets */; };
		6DD77EC228D6536600056020 /* Icon-2@2x.png in Resources */ = {isa = PBXBuildFile; fileRef = 6DD77EBE28D6536600056020 /* Icon-2@2x.png */; };
		6DD77EC328D6536600056020 /* Icon-2@3x.png in Resources */ = {isa = PBXBuildFile; fileRef = 6DD77EBF28D6536600056020 /* Icon-2@3x.png */; };
/* End PBXBuildFile section */

/* Begin PBXContainerItemProxy section */
		6D58C4C028D5C6D700043C1C /* PBXContainerItemProxy */ = {
			isa = PBXContainerItemProxy;
			containerPortal = 6D58C4A128D5C6D400043C1C /* Project object */;
			proxyType = 1;
			remoteGlobalIDString = 6D58C4A828D5C6D400043C1C;
			remoteInfo = Jaility;
		};
		6D58C4CA28D5C6D700043C1C /* PBXContainerItemProxy */ = {
			isa = PBXContainerItemProxy;
			containerPortal = 6D58C4A128D5C6D400043C1C /* Project object */;
			proxyType = 1;
			remoteGlobalIDString = 6D58C4A828D5C6D400043C1C;
			remoteInfo = Jaility;
		};
/* End PBXContainerItemProxy section */

/* Begin PBXFileReference section */
		6D58C4A928D5C6D400043C1C /* Jaility.app */ = {isa = PBXFileReference; explicitFileType = wrapper.application; includeInIndex = 0; path = Jaility.app; sourceTree = BUILT_PRODUCTS_DIR; };
		6D58C4BA28D5C6D700043C1C /* Info.plist */ = {isa = PBXFileReference; lastKnownFileType = text.plist.xml; path = Info.plist; sourceTree = "<group>"; };
		6D58C4BF28D5C6D700043C1C /* JailityTests.xctest */ = {isa = PBXFileReference; explicitFileType = wrapper.cfbundle; includeInIndex = 0; path = JailityTests.xctest; sourceTree = BUILT_PRODUCTS_DIR; };
		6D58C4C928D5C6D700043C1C /* JailityUITests.xctest */ = {isa = PBXFileReference; explicitFileType = wrapper.cfbundle; includeInIndex = 0; path = JailityUITests.xctest; sourceTree = BUILT_PRODUCTS_DIR; };
		6D58C4DC28D5C74B00043C1C /* Jaility-Bridging-Header.h */ = {isa = PBXFileReference; lastKnownFileType = sourcecode.c.h; path = "Jaility-Bridging-Header.h"; sourceTree = "<group>"; };
		6D58C4DD28D5C74C00043C1C /* ObjCHelper.m */ = {isa = PBXFileReference; fileEncoding = 4; lastKnownFileType = sourcecode.c.objc; path = ObjCHelper.m; sourceTree = "<group>"; };
		6D58C4DE28D5C74C00043C1C /* ViewController.swift */ = {isa = PBXFileReference; fileEncoding = 4; lastKnownFileType = sourcecode.swift; path = ViewController.swift; sourceTree = "<group>"; };
		6D58C4DF28D5C74C00043C1C /* AppDelegate.swift */ = {isa = PBXFileReference; fileEncoding = 4; lastKnownFileType = sourcecode.swift; path = AppDelegate.swift; sourceTree = "<group>"; };
		6D58C4E028D5C74C00043C1C /* LaunchScreen.storyboard */ = {isa = PBXFileReference; fileEncoding = 4; lastKnownFileType = file.storyboard; path = LaunchScreen.storyboard; sourceTree = "<group>"; };
		6D58C4E128D5C74C00043C1C /* SceneDelegate.swift */ = {isa = PBXFileReference; fileEncoding = 4; lastKnownFileType = sourcecode.swift; path = SceneDelegate.swift; sourceTree = "<group>"; };
		6D58C4E228D5C74C00043C1C /* Main.storyboard */ = {isa = PBXFileReference; fileEncoding = 4; lastKnownFileType = file.storyboard; path = Main.storyboard; sourceTree = "<group>"; };
		6D58C4E328D5C74C00043C1C /* Assets.xcassets */ = {isa = PBXFileReference; lastKnownFileType = folder.assetcatalog; path = Assets.xcassets; sourceTree = "<group>"; };
		6D58C4E428D5C74C00043C1C /* ObjCHelper.h */ = {isa = PBXFileReference; fileEncoding = 4; lastKnownFileType = sourcecode.c.h; path = ObjCHelper.h; sourceTree = "<group>"; };
		6DD77EBE28D6536600056020 /* Icon-2@2x.png */ = {isa = PBXFileReference; lastKnownFileType = image.png; path = "Icon-2@2x.png"; sourceTree = "<group>"; };
		6DD77EBF28D6536600056020 /* Icon-2@3x.png */ = {isa = PBXFileReference; lastKnownFileType = image.png; path = "Icon-2@3x.png"; sourceTree = "<group>"; };
/* End PBXFileReference section */

/* Begin PBXFrameworksBuildPhase section */
		6D58C4A628D5C6D400043C1C /* Frameworks */ = {
			isa = PBXFrameworksBuildPhase;
			buildActionMask = 2147483647;
			files = (
			);
			runOnlyForDeploymentPostprocessing = 0;
		};
		6D58C4BC28D5C6D700043C1C /* Frameworks */ = {
			isa = PBXFrameworksBuildPhase;
			buildActionMask = 2147483647;
			files = (
			);
			runOnlyForDeploymentPostprocessing = 0;
		};
		6D58C4C628D5C6D700043C1C /* Frameworks */ = {
			isa = PBXFrameworksBuildPhase;
			buildActionMask = 2147483647;
			files = (
			);
			runOnlyForDeploymentPostprocessing = 0;
		};
/* End PBXFrameworksBuildPhase section */

/* Begin PBXGroup section */
		6D58C4A028D5C6D400043C1C = {
			isa = PBXGroup;
			children = (
				6D58C4AB28D5C6D400043C1C /* Jaility */,
				6D58C4AA28D5C6D400043C1C /* Products */,
			);
			sourceTree = "<group>";
		};
		6D58C4AA28D5C6D400043C1C /* Products */ = {
			isa = PBXGroup;
			children = (
				6D58C4A928D5C6D400043C1C /* Jaility.app */,
				6D58C4BF28D5C6D700043C1C /* JailityTests.xctest */,
				6D58C4C928D5C6D700043C1C /* JailityUITests.xctest */,
			);
			name = Products;
			sourceTree = "<group>";
		};
		6D58C4AB28D5C6D400043C1C /* Jaility */ = {
			isa = PBXGroup;
			children = (
				6D58C4DF28D5C74C00043C1C /* AppDelegate.swift */,
				6D58C4E328D5C74C00043C1C /* Assets.xcassets */,
				6D58C4E028D5C74C00043C1C /* LaunchScreen.storyboard */,
				6D58C4E228D5C74C00043C1C /* Main.storyboard */,
				6D58C4E428D5C74C00043C1C /* ObjCHelper.h */,
				6D58C4DD28D5C74C00043C1C /* ObjCHelper.m */,
				6D58C4E128D5C74C00043C1C /* SceneDelegate.swift */,
				6D58C4DE28D5C74C00043C1C /* ViewController.swift */,
				6D58C4BA28D5C6D700043C1C /* Info.plist */,
				6DD77EBD28D6532600056020 /* App Icons */,
				6D58C4DC28D5C74B00043C1C /* Jaility-Bridging-Header.h */,
			);
			path = Jaility;
			sourceTree = "<group>";
		};
		6DD77EBD28D6532600056020 /* App Icons */ = {
			isa = PBXGroup;
			children = (
				6DD77EBE28D6536600056020 /* Icon-2@2x.png */,
				6DD77EBF28D6536600056020 /* Icon-2@3x.png */,
			);
			path = "App Icons";
			sourceTree = "<group>";
		};
/* End PBXGroup section */

/* Begin PBXNativeTarget section */
		6D58C4A828D5C6D400043C1C /* Jaility */ = {
			isa = PBXNativeTarget;
			buildConfigurationList = 6D58C4D328D5C6D700043C1C /* Build configuration list for PBXNativeTarget "Jaility" */;
			buildPhases = (
				6D58C4A528D5C6D400043C1C /* Sources */,
				6D58C4A628D5C6D400043C1C /* Frameworks */,
				6D58C4A728D5C6D400043C1C /* Resources */,
			);
			buildRules = (
			);
			dependencies = (
			);
			name = Jaility;
			productName = Jaility;
			productReference = 6D58C4A928D5C6D400043C1C /* Jaility.app */;
			productType = "com.apple.product-type.application";
		};
		6D58C4BE28D5C6D700043C1C /* JailityTests */ = {
			isa = PBXNativeTarget;
			buildConfigurationList = 6D58C4D628D5C6D700043C1C /* Build configuration list for PBXNativeTarget "JailityTests" */;
			buildPhases = (
				6D58C4BB28D5C6D700043C1C /* Sources */,
				6D58C4BC28D5C6D700043C1C /* Frameworks */,
				6D58C4BD28D5C6D700043C1C /* Resources */,
			);
			buildRules = (
			);
			dependencies = (
				6D58C4C128D5C6D700043C1C /* PBXTargetDependency */,
			);
			name = JailityTests;
			productName = JailityTests;
			productReference = 6D58C4BF28D5C6D700043C1C /* JailityTests.xctest */;
			productType = "com.apple.product-type.bundle.unit-test";
		};
		6D58C4C828D5C6D700043C1C /* JailityUITests */ = {
			isa = PBXNativeTarget;
			buildConfigurationList = 6D58C4D928D5C6D700043C1C /* Build configuration list for PBXNativeTarget "JailityUITests" */;
			buildPhases = (
				6D58C4C528D5C6D700043C1C /* Sources */,
				6D58C4C628D5C6D700043C1C /* Frameworks */,
				6D58C4C728D5C6D700043C1C /* Resources */,
			);
			buildRules = (
			);
			dependencies = (
				6D58C4CB28D5C6D700043C1C /* PBXTargetDependency */,
			);
			name = JailityUITests;
			productName = JailityUITests;
			productReference = 6D58C4C928D5C6D700043C1C /* JailityUITests.xctest */;
			productType = "com.apple.product-type.bundle.ui-testing";
		};
/* End PBXNativeTarget section */

/* Begin PBXProject section */
		6D58C4A128D5C6D400043C1C /* Project object */ = {
			isa = PBXProject;
			attributes = {
				BuildIndependentTargetsInParallel = 1;
				LastSwiftUpdateCheck = 1400;
				LastUpgradeCheck = 1400;
				TargetAttributes = {
					6D58C4A828D5C6D400043C1C = {
						CreatedOnToolsVersion = 14.0;
						LastSwiftMigration = 1400;
					};
					6D58C4BE28D5C6D700043C1C = {
						CreatedOnToolsVersion = 14.0;
						TestTargetID = 6D58C4A828D5C6D400043C1C;
					};
					6D58C4C828D5C6D700043C1C = {
						CreatedOnToolsVersion = 14.0;
						TestTargetID = 6D58C4A828D5C6D400043C1C;
					};
				};
			};
			buildConfigurationList = 6D58C4A428D5C6D400043C1C /* Build configuration list for PBXProject "Jaility" */;
			compatibilityVersion = "Xcode 14.0";
			developmentRegion = en;
			hasScannedForEncodings = 0;
			knownRegions = (
				en,
				Base,
			);
			mainGroup = 6D58C4A028D5C6D400043C1C;
			productRefGroup = 6D58C4AA28D5C6D400043C1C /* Products */;
			projectDirPath = "";
			projectRoot = "";
			targets = (
				6D58C4A828D5C6D400043C1C /* Jaility */,
				6D58C4BE28D5C6D700043C1C /* JailityTests */,
				6D58C4C828D5C6D700043C1C /* JailityUITests */,
			);
		};
/* End PBXProject section */

/* Begin PBXResourcesBuildPhase section */
		6D58C4A728D5C6D400043C1C /* Resources */ = {
			isa = PBXResourcesBuildPhase;
			buildActionMask = 2147483647;
			files = (
				6D58C4E828D5C74C00043C1C /* LaunchScreen.storyboard in Resources */,
				6D58C4EB28D5C74C00043C1C /* Assets.xcassets in Resources */,
				6DD77EC228D6536600056020 /* Icon-2@2x.png in Resources */,
				6D58C4EA28D5C74C00043C1C /* Main.storyboard in Resources */,
				6DD77EC328D6536600056020 /* Icon-2@3x.png in Resources */,
			);
			runOnlyForDeploymentPostprocessing = 0;
		};
		6D58C4BD28D5C6D700043C1C /* Resources */ = {
			isa = PBXResourcesBuildPhase;
			buildActionMask = 2147483647;
			files = (
			);
			runOnlyForDeploymentPostprocessing = 0;
		};
		6D58C4C728D5C6D700043C1C /* Resources */ = {
			isa = PBXResourcesBuildPhase;
			buildActionMask = 2147483647;
			files = (
			);
			runOnlyForDeploymentPostprocessing = 0;
		};
/* End PBXResourcesBuildPhase section */

/* Begin PBXSourcesBuildPhase section */
		6D58C4A528D5C6D400043C1C /* Sources */ = {
			isa = PBXSourcesBuildPhase;
			buildActionMask = 2147483647;
			files = (
				6D58C4E728D5C74C00043C1C /* AppDelegate.swift in Sources */,
				6D58C4E628D5C74C00043C1C /* ViewController.swift in Sources */,
				6D58C4E528D5C74C00043C1C /* ObjCHelper.m in Sources */,
				6D58C4E928D5C74C00043C1C /* SceneDelegate.swift in Sources */,
			);
			runOnlyForDeploymentPostprocessing = 0;
		};
		6D58C4BB28D5C6D700043C1C /* Sources */ = {
			isa = PBXSourcesBuildPhase;
			buildActionMask = 2147483647;
			files = (
			);
			runOnlyForDeploymentPostprocessing = 0;
		};
		6D58C4C528D5C6D700043C1C /* Sources */ = {
			isa = PBXSourcesBuildPhase;
			buildActionMask = 2147483647;
			files = (
			);
			runOnlyForDeploymentPostprocessing = 0;
		};
/* End PBXSourcesBuildPhase section */

/* Begin PBXTargetDependency section */
		6D58C4C128D5C6D700043C1C /* PBXTargetDependency */ = {
			isa = PBXTargetDependency;
			target = 6D58C4A828D5C6D400043C1C /* Jaility */;
			targetProxy = 6D58C4C028D5C6D700043C1C /* PBXContainerItemProxy */;
		};
		6D58C4CB28D5C6D700043C1C /* PBXTargetDependency */ = {
			isa = PBXTargetDependency;
			target = 6D58C4A828D5C6D400043C1C /* Jaility */;
			targetProxy = 6D58C4CA28D5C6D700043C1C /* PBXContainerItemProxy */;
		};
/* End PBXTargetDependency section */

/* Begin XCBuildConfiguration section */
		6D58C4D128D5C6D700043C1C /* Debug */ = {
			isa = XCBuildConfiguration;
			buildSettings = {
				ALWAYS_SEARCH_USER_PATHS = NO;
				CLANG_ANALYZER_NONNULL = YES;
				CLANG_ANALYZER_NUMBER_OBJECT_CONVERSION = YES_AGGRESSIVE;
				CLANG_CXX_LANGUAGE_STANDARD = "gnu++20";
				CLANG_ENABLE_MODULES = YES;
				CLANG_ENABLE_OBJC_ARC = YES;
				CLANG_ENABLE_OBJC_WEAK = YES;
				CLANG_WARN_BLOCK_CAPTURE_AUTORELEASING = YES;
				CLANG_WARN_BOOL_CONVERSION = YES;
				CLANG_WARN_COMMA = YES;
				CLANG_WARN_CONSTANT_CONVERSION = YES;
				CLANG_WARN_DEPRECATED_OBJC_IMPLEMENTATIONS = YES;
				CLANG_WARN_DIRECT_OBJC_ISA_USAGE = YES_ERROR;
				CLANG_WARN_DOCUMENTATION_COMMENTS = YES;
				CLANG_WARN_EMPTY_BODY = YES;
				CLANG_WARN_ENUM_CONVERSION = YES;
				CLANG_WARN_INFINITE_RECURSION = YES;
				CLANG_WARN_INT_CONVERSION = YES;
				CLANG_WARN_NON_LITERAL_NULL_CONVERSION = YES;
				CLANG_WARN_OBJC_IMPLICIT_RETAIN_SELF = YES;
				CLANG_WARN_OBJC_LITERAL_CONVERSION = YES;
				CLANG_WARN_OBJC_ROOT_CLASS = YES_ERROR;
				CLANG_WARN_QUOTED_INCLUDE_IN_FRAMEWORK_HEADER = YES;
				CLANG_WARN_RANGE_LOOP_ANALYSIS = YES;
				CLANG_WARN_STRICT_PROTOTYPES = YES;
				CLANG_WARN_SUSPICIOUS_MOVE = YES;
				CLANG_WARN_UNGUARDED_AVAILABILITY = YES_AGGRESSIVE;
				CLANG_WARN_UNREACHABLE_CODE = YES;
				CLANG_WARN__DUPLICATE_METHOD_MATCH = YES;
				COPY_PHASE_STRIP = NO;
				DEBUG_INFORMATION_FORMAT = dwarf;
				ENABLE_STRICT_OBJC_MSGSEND = YES;
				ENABLE_TESTABILITY = YES;
				GCC_C_LANGUAGE_STANDARD = gnu11;
				GCC_DYNAMIC_NO_PIC = NO;
				GCC_NO_COMMON_BLOCKS = YES;
				GCC_OPTIMIZATION_LEVEL = 0;
				GCC_PREPROCESSOR_DEFINITIONS = (
					"DEBUG=1",
					"$(inherited)",
				);
				GCC_WARN_64_TO_32_BIT_CONVERSION = YES;
				GCC_WARN_ABOUT_RETURN_TYPE = YES_ERROR;
				GCC_WARN_UNDECLARED_SELECTOR = YES;
				GCC_WARN_UNINITIALIZED_AUTOS = YES_AGGRESSIVE;
				GCC_WARN_UNUSED_FUNCTION = YES;
				GCC_WARN_UNUSED_VARIABLE = YES;
				IPHONEOS_DEPLOYMENT_TARGET = 16.0;
				MTL_ENABLE_DEBUG_INFO = INCLUDE_SOURCE;
				MTL_FAST_MATH = YES;
				ONLY_ACTIVE_ARCH = YES;
				SDKROOT = iphoneos;
				SWIFT_ACTIVE_COMPILATION_CONDITIONS = DEBUG;
				SWIFT_OPTIMIZATION_LEVEL = "-Onone";
			};
			name = Debug;
		};
		6D58C4D228D5C6D700043C1C /* Release */ = {
			isa = XCBuildConfiguration;
			buildSettings = {
				ALWAYS_SEARCH_USER_PATHS = NO;
				CLANG_ANALYZER_NONNULL = YES;
				CLANG_ANALYZER_NUMBER_OBJECT_CONVERSION = YES_AGGRESSIVE;
				CLANG_CXX_LANGUAGE_STANDARD = "gnu++20";
				CLANG_ENABLE_MODULES = YES;
				CLANG_ENABLE_OBJC_ARC = YES;
				CLANG_ENABLE_OBJC_WEAK = YES;
				CLANG_WARN_BLOCK_CAPTURE_AUTORELEASING = YES;
				CLANG_WARN_BOOL_CONVERSION = YES;
				CLANG_WARN_COMMA = YES;
				CLANG_WARN_CONSTANT_CONVERSION = YES;
				CLANG_WARN_DEPRECATED_OBJC_IMPLEMENTATIONS = YES;
				CLANG_WARN_DIRECT_OBJC_ISA_USAGE = YES_ERROR;
				CLANG_WARN_DOCUMENTATION_COMMENTS = YES;
				CLANG_WARN_EMPTY_BODY = YES;
				CLANG_WARN_ENUM_CONVERSION = YES;
				CLANG_WARN_INFINITE_RECURSION = YES;
				CLANG_WARN_INT_CONVERSION = YES;
				CLANG_WARN_NON_LITERAL_NULL_CONVERSION = YES;
				CLANG_WARN_OBJC_IMPLICIT_RETAIN_SELF = YES;
				CLANG_WARN_OBJC_LITERAL_CONVERSION = YES;
				CLANG_WARN_OBJC_ROOT_CLASS = YES_ERROR;
				CLANG_WARN_QUOTED_INCLUDE_IN_FRAMEWORK_HEADER = YES;
				CLANG_WARN_RANGE_LOOP_ANALYSIS = YES;
				CLANG_WARN_STRICT_PROTOTYPES = YES;
				CLANG_WARN_SUSPICIOUS_MOVE = YES;
				CLANG_WARN_UNGUARDED_AVAILABILITY = YES_AGGRESSIVE;
				CLANG_WARN_UNREACHABLE_CODE = YES;
				CLANG_WARN__DUPLICATE_METHOD_MATCH = YES;
				COPY_PHASE_STRIP = NO;
				DEBUG_INFORMATION_FORMAT = "dwarf-with-dsym";
				ENABLE_NS_ASSERTIONS = NO;
				ENABLE_STRICT_OBJC_MSGSEND = YES;
				GCC_C_LANGUAGE_STANDARD = gnu11;
				GCC_NO_COMMON_BLOCKS = YES;
				GCC_WARN_64_TO_32_BIT_CONVERSION = YES;
				GCC_WARN_ABOUT_RETURN_TYPE = YES_ERROR;
				GCC_WARN_UNDECLARED_SELECTOR = YES;
				GCC_WARN_UNINITIALIZED_AUTOS = YES_AGGRESSIVE;
				GCC_WARN_UNUSED_FUNCTION = YES;
				GCC_WARN_UNUSED_VARIABLE = YES;
				IPHONEOS_DEPLOYMENT_TARGET = 16.0;
				MTL_ENABLE_DEBUG_INFO = NO;
				MTL_FAST_MATH = YES;
				SDKROOT = iphoneos;
				SWIFT_COMPILATION_MODE = wholemodule;
				SWIFT_OPTIMIZATION_LEVEL = "-O";
				VALIDATE_PRODUCT = YES;
			};
			name = Release;
		};
		6D58C4D428D5C6D700043C1C /* Debug */ = {
			isa = XCBuildConfiguration;
			buildSettings = {
				ASSETCATALOG_COMPILER_APPICON_NAME = AppIcon;
				ASSETCATALOG_COMPILER_GLOBAL_ACCENT_COLOR_NAME = AccentColor;
				CLANG_ENABLE_MODULES = YES;
				CODE_SIGN_STYLE = Automatic;
				CURRENT_PROJECT_VERSION = 1;
				DEVELOPMENT_TEAM = A999YUQPG2;
				GENERATE_INFOPLIST_FILE = YES;
				INFOPLIST_FILE = Jaility/Info.plist;
				INFOPLIST_KEY_LSApplicationCategoryType = "public.app-category.utilities";
				INFOPLIST_KEY_UIApplicationSupportsIndirectInputEvents = YES;
				INFOPLIST_KEY_UILaunchStoryboardName = LaunchScreen;
				INFOPLIST_KEY_UIMainStoryboardFile = Main;
				INFOPLIST_KEY_UISupportedInterfaceOrientations = "UIInterfaceOrientationPortrait UIInterfaceOrientationPortraitUpsideDown";
				IPHONEOS_DEPLOYMENT_TARGET = 15.0;
				LD_RUNPATH_SEARCH_PATHS = (
					"$(inherited)",
					"@executable_path/Frameworks",
				);
				MARKETING_VERSION = 1.0;
				PRODUCT_BUNDLE_IDENTIFIER = org.haxi0.Jaility;
				PRODUCT_NAME = "$(TARGET_NAME)";
				SUPPORTED_PLATFORMS = "iphoneos iphonesimulator";
				SUPPORTS_MACCATALYST = NO;
				SUPPORTS_MAC_DESIGNED_FOR_IPHONE_IPAD = NO;
				SWIFT_EMIT_LOC_STRINGS = YES;
				SWIFT_OBJC_BRIDGING_HEADER = "Jaility/Jaility-Bridging-Header.h";
				SWIFT_OPTIMIZATION_LEVEL = "-Onone";
				SWIFT_VERSION = 5.0;
				TARGETED_DEVICE_FAMILY = "1,2";
			};
			name = Debug;
		};
		6D58C4D528D5C6D700043C1C /* Release */ = {
			isa = XCBuildConfiguration;
			buildSettings = {
				ASSETCATALOG_COMPILER_APPICON_NAME = AppIcon;
				ASSETCATALOG_COMPILER_GLOBAL_ACCENT_COLOR_NAME = AccentColor;
				CLANG_ENABLE_MODULES = YES;
				CODE_SIGN_STYLE = Automatic;
				CURRENT_PROJECT_VERSION = 1;
				DEVELOPMENT_TEAM = A999YUQPG2;
				GENERATE_INFOPLIST_FILE = YES;
				INFOPLIST_FILE = Jaility/Info.plist;
				INFOPLIST_KEY_LSApplicationCategoryType = "public.app-category.utilities";
				INFOPLIST_KEY_UIApplicationSupportsIndirectInputEvents = YES;
				INFOPLIST_KEY_UILaunchStoryboardName = LaunchScreen;
				INFOPLIST_KEY_UIMainStoryboardFile = Main;
				INFOPLIST_KEY_UISupportedInterfaceOrientations = "UIInterfaceOrientationPortrait UIInterfaceOrientationPortraitUpsideDown";
				IPHONEOS_DEPLOYMENT_TARGET = 15.0;
				LD_RUNPATH_SEARCH_PATHS = (
					"$(inherited)",
					"@executable_path/Frameworks",
				);
				MARKETING_VERSION = 1.0;
				PRODUCT_BUNDLE_IDENTIFIER = org.haxi0.Jaility;
				PRODUCT_NAME = "$(TARGET_NAME)";
				SUPPORTED_PLATFORMS = "iphoneos iphonesimulator";
				SUPPORTS_MACCATALYST = NO;
				SUPPORTS_MAC_DESIGNED_FOR_IPHONE_IPAD = NO;
				SWIFT_EMIT_LOC_STRINGS = YES;
				SWIFT_OBJC_BRIDGING_HEADER = "Jaility/Jaility-Bridging-Header.h";
				SWIFT_VERSION = 5.0;
				TARGETED_DEVICE_FAMILY = "1,2";
			};
			name = Release;
		};
		6D58C4D728D5C6D700043C1C /* Debug */ = {
			isa = XCBuildConfiguration;
			buildSettings = {
				ALWAYS_EMBED_SWIFT_STANDARD_LIBRARIES = YES;
				BUNDLE_LOADER = "$(TEST_HOST)";
				CODE_SIGN_STYLE = Automatic;
				CURRENT_PROJECT_VERSION = 1;
				DEVELOPMENT_TEAM = A999YUQPG2;
				GENERATE_INFOPLIST_FILE = YES;
				IPHONEOS_DEPLOYMENT_TARGET = 16.0;
				MARKETING_VERSION = 1.0;
				PRODUCT_BUNDLE_IDENTIFIER = org.haxi0.JailityTests;
				PRODUCT_NAME = "$(TARGET_NAME)";
				SWIFT_EMIT_LOC_STRINGS = NO;
				SWIFT_VERSION = 5.0;
				TARGETED_DEVICE_FAMILY = "1,2";
				TEST_HOST = "$(BUILT_PRODUCTS_DIR)/Jaility.app/$(BUNDLE_EXECUTABLE_FOLDER_PATH)/Jaility";
			};
			name = Debug;
		};
		6D58C4D828D5C6D700043C1C /* Release */ = {
			isa = XCBuildConfiguration;
			buildSettings = {
				ALWAYS_EMBED_SWIFT_STANDARD_LIBRARIES = YES;
				BUNDLE_LOADER = "$(TEST_HOST)";
				CODE_SIGN_STYLE = Automatic;
				CURRENT_PROJECT_VERSION = 1;
				DEVELOPMENT_TEAM = A999YUQPG2;
				GENERATE_INFOPLIST_FILE = YES;
				IPHONEOS_DEPLOYMENT_TARGET = 16.0;
				MARKETING_VERSION = 1.0;
				PRODUCT_BUNDLE_IDENTIFIER = org.haxi0.JailityTests;
				PRODUCT_NAME = "$(TARGET_NAME)";
				SWIFT_EMIT_LOC_STRINGS = NO;
				SWIFT_VERSION = 5.0;
				TARGETED_DEVICE_FAMILY = "1,2";
				TEST_HOST = "$(BUILT_PRODUCTS_DIR)/Jaility.app/$(BUNDLE_EXECUTABLE_FOLDER_PATH)/Jaility";
			};
			name = Release;
		};
		6D58C4DA28D5C6D700043C1C /* Debug */ = {
			isa = XCBuildConfiguration;
			buildSettings = {
				ALWAYS_EMBED_SWIFT_STANDARD_LIBRARIES = YES;
				CODE_SIGN_STYLE = Automatic;
				CURRENT_PROJECT_VERSION = 1;
				DEVELOPMENT_TEAM = A999YUQPG2;
				GENERATE_INFOPLIST_FILE = YES;
				MARKETING_VERSION = 1.0;
				PRODUCT_BUNDLE_IDENTIFIER = org.haxi0.JailityUITests;
				PRODUCT_NAME = "$(TARGET_NAME)";
				SWIFT_EMIT_LOC_STRINGS = NO;
				SWIFT_VERSION = 5.0;
				TARGETED_DEVICE_FAMILY = "1,2";
				TEST_TARGET_NAME = Jaility;
			};
			name = Debug;
		};
		6D58C4DB28D5C6D700043C1C /* Release */ = {
			isa = XCBuildConfiguration;
			buildSettings = {
				ALWAYS_EMBED_SWIFT_STANDARD_LIBRARIES = YES;
				CODE_SIGN_STYLE = Automatic;
				CURRENT_PROJECT_VERSION = 1;
				DEVELOPMENT_TEAM = A999YUQPG2;
				GENERATE_INFOPLIST_FILE = YES;
				MARKETING_VERSION = 1.0;
				PRODUCT_BUNDLE_IDENTIFIER = org.haxi0.JailityUITests;
				PRODUCT_NAME = "$(TARGET_NAME)";
				SWIFT_EMIT_LOC_STRINGS = NO;
				SWIFT_VERSION = 5.0;
				TARGETED_DEVICE_FAMILY = "1,2";
				TEST_TARGET_NAME = Jaility;
			};
			name = Release;
		};
/* End XCBuildConfiguration section */

/* Begin XCConfigurationList section */
		6D58C4A428D5C6D400043C1C /* Build configuration list for PBXProject "Jaility" */ = {
			isa = XCConfigurationList;
			buildConfigurations = (
				6D58C4D128D5C6D700043C1C /* Debug */,
				6D58C4D228D5C6D700043C1C /* Release */,
			);
			defaultConfigurationIsVisible = 0;
			defaultConfigurationName = Release;
		};
		6D58C4D328D5C6D700043C1C /* Build configuration list for PBXNativeTarget "Jaility" */ = {
			isa = XCConfigurationList;
			buildConfigurations = (
				6D58C4D428D5C6D700043C1C /* Debug */,
				6D58C4D528D5C6D700043C1C /* Release */,
			);
			defaultConfigurationIsVisible = 0;
			defaultConfigurationName = Release;
		};
		6D58C4D628D5C6D700043C1C /* Build configuration list for PBXNativeTarget "JailityTests" */ = {
			isa = XCConfigurationList;
			buildConfigurations = (
				6D58C4D728D5C6D700043C1C /* Debug */,
				6D58C4D828D5C6D700043C1C /* Release */,
			);
			defaultConfigurationIsVisible = 0;
			defaultConfigurationName = Release;
		};
		6D58C4D928D5C6D700043C1C /* Build configuration list for PBXNativeTarget "JailityUITests" */ = {
			isa = XCConfigurationList;
			buildConfigurations = (
				6D58C4DA28D5C6D700043C1C /* Debug */,
				6D58C4DB28D5C6D700043C1C /* Release */,
			);
			defaultConfigurationIsVisible = 0;
			defaultConfigurationName = Release;
		};
/* End XCConfigurationList section */
	};
	rootObject = 6D58C4A128D5C6D400043C1C /* Project object */;
}
