// !$*UTF8*$!
{
	archiveVersion = 1;
	classes = {
	};
	objectVersion = 56;
	objects = {

/* Begin PBXBuildFile section */
		6D4EDE44290017EF001FACB6 /* JailityApp.swift in Sources */ = {isa = PBXBuildFile; fileRef = 6D4EDE43290017EF001FACB6 /* JailityApp.swift */; };
		6D4EDE46290017EF001FACB6 /* ContentView.swift in Sources */ = {isa = PBXBuildFile; fileRef = 6D4EDE45290017EF001FACB6 /* ContentView.swift */; };
		6D4EDE48290017F0001FACB6 /* Assets.xcassets in Resources */ = {isa = PBXBuildFile; fileRef = 6D4EDE47290017F0001FACB6 /* Assets.xcassets */; };
		6D4EDE4B290017F0001FACB6 /* Preview Assets.xcassets in Resources */ = {isa = PBXBuildFile; fileRef = 6D4EDE4A290017F0001FACB6 /* Preview Assets.xcassets */; };
		6D4EDE55290017F1001FACB6 /* JailityTests.swift in Sources */ = {isa = PBXBuildFile; fileRef = 6D4EDE54290017F1001FACB6 /* JailityTests.swift */; };
		6D4EDE5F290017F1001FACB6 /* JailityUITests.swift in Sources */ = {isa = PBXBuildFile; fileRef = 6D4EDE5E290017F1001FACB6 /* JailityUITests.swift */; };
		6D4EDE61290017F1001FACB6 /* JailityUITestsLaunchTests.swift in Sources */ = {isa = PBXBuildFile; fileRef = 6D4EDE60290017F1001FACB6 /* JailityUITestsLaunchTests.swift */; };
		6D4EDE6E290018CA001FACB6 /* TweaksView.swift in Sources */ = {isa = PBXBuildFile; fileRef = 6D4EDE6D290018CA001FACB6 /* TweaksView.swift */; };
		6D4EDE702900197D001FACB6 /* ThemesView.swift in Sources */ = {isa = PBXBuildFile; fileRef = 6D4EDE6F2900197D001FACB6 /* ThemesView.swift */; };
		6D4EDE7329003750001FACB6 /* ZIPFoundation in Frameworks */ = {isa = PBXBuildFile; productRef = 6D4EDE7229003750001FACB6 /* ZIPFoundation */; };
		6D4EDE7529003CC3001FACB6 /* OtherView.swift in Sources */ = {isa = PBXBuildFile; fileRef = 6D4EDE7429003CC3001FACB6 /* OtherView.swift */; };
/* End PBXBuildFile section */

/* Begin PBXContainerItemProxy section */
		6D4EDE51290017F1001FACB6 /* PBXContainerItemProxy */ = {
			isa = PBXContainerItemProxy;
			containerPortal = 6D4EDE38290017EF001FACB6 /* Project object */;
			proxyType = 1;
			remoteGlobalIDString = 6D4EDE3F290017EF001FACB6;
			remoteInfo = Jaility;
		};
		6D4EDE5B290017F1001FACB6 /* PBXContainerItemProxy */ = {
			isa = PBXContainerItemProxy;
			containerPortal = 6D4EDE38290017EF001FACB6 /* Project object */;
			proxyType = 1;
			remoteGlobalIDString = 6D4EDE3F290017EF001FACB6;
			remoteInfo = Jaility;
		};
/* End PBXContainerItemProxy section */

/* Begin PBXFileReference section */
		6D4EDE40290017EF001FACB6 /* Jaility.app */ = {isa = PBXFileReference; explicitFileType = wrapper.application; includeInIndex = 0; path = Jaility.app; sourceTree = BUILT_PRODUCTS_DIR; };
		6D4EDE43290017EF001FACB6 /* JailityApp.swift */ = {isa = PBXFileReference; lastKnownFileType = sourcecode.swift; path = JailityApp.swift; sourceTree = "<group>"; };
		6D4EDE45290017EF001FACB6 /* ContentView.swift */ = {isa = PBXFileReference; lastKnownFileType = sourcecode.swift; path = ContentView.swift; sourceTree = "<group>"; };
		6D4EDE47290017F0001FACB6 /* Assets.xcassets */ = {isa = PBXFileReference; lastKnownFileType = folder.assetcatalog; path = Assets.xcassets; sourceTree = "<group>"; };
		6D4EDE4A290017F0001FACB6 /* Preview Assets.xcassets */ = {isa = PBXFileReference; lastKnownFileType = folder.assetcatalog; path = "Preview Assets.xcassets"; sourceTree = "<group>"; };
		6D4EDE50290017F1001FACB6 /* JailityTests.xctest */ = {isa = PBXFileReference; explicitFileType = wrapper.cfbundle; includeInIndex = 0; path = JailityTests.xctest; sourceTree = BUILT_PRODUCTS_DIR; };
		6D4EDE54290017F1001FACB6 /* JailityTests.swift */ = {isa = PBXFileReference; lastKnownFileType = sourcecode.swift; path = JailityTests.swift; sourceTree = "<group>"; };
		6D4EDE5A290017F1001FACB6 /* JailityUITests.xctest */ = {isa = PBXFileReference; explicitFileType = wrapper.cfbundle; includeInIndex = 0; path = JailityUITests.xctest; sourceTree = BUILT_PRODUCTS_DIR; };
		6D4EDE5E290017F1001FACB6 /* JailityUITests.swift */ = {isa = PBXFileReference; lastKnownFileType = sourcecode.swift; path = JailityUITests.swift; sourceTree = "<group>"; };
		6D4EDE60290017F1001FACB6 /* JailityUITestsLaunchTests.swift */ = {isa = PBXFileReference; lastKnownFileType = sourcecode.swift; path = JailityUITestsLaunchTests.swift; sourceTree = "<group>"; };
		6D4EDE6D290018CA001FACB6 /* TweaksView.swift */ = {isa = PBXFileReference; lastKnownFileType = sourcecode.swift; path = TweaksView.swift; sourceTree = "<group>"; };
		6D4EDE6F2900197D001FACB6 /* ThemesView.swift */ = {isa = PBXFileReference; lastKnownFileType = sourcecode.swift; path = ThemesView.swift; sourceTree = "<group>"; };
		6D4EDE7429003CC3001FACB6 /* OtherView.swift */ = {isa = PBXFileReference; lastKnownFileType = sourcecode.swift; path = OtherView.swift; sourceTree = "<group>"; wrapsLines = 0; };
/* End PBXFileReference section */

/* Begin PBXFrameworksBuildPhase section */
		6D4EDE3D290017EF001FACB6 /* Frameworks */ = {
			isa = PBXFrameworksBuildPhase;
			buildActionMask = 2147483647;
			files = (
				6D4EDE7329003750001FACB6 /* ZIPFoundation in Frameworks */,
			);
			runOnlyForDeploymentPostprocessing = 0;
		};
		6D4EDE4D290017F1001FACB6 /* Frameworks */ = {
			isa = PBXFrameworksBuildPhase;
			buildActionMask = 2147483647;
			files = (
			);
			runOnlyForDeploymentPostprocessing = 0;
		};
		6D4EDE57290017F1001FACB6 /* Frameworks */ = {
			isa = PBXFrameworksBuildPhase;
			buildActionMask = 2147483647;
			files = (
			);
			runOnlyForDeploymentPostprocessing = 0;
		};
/* End PBXFrameworksBuildPhase section */

/* Begin PBXGroup section */
		6D4EDE37290017EF001FACB6 = {
			isa = PBXGroup;
			children = (
				6D4EDE42290017EF001FACB6 /* Jaility */,
				6D4EDE53290017F1001FACB6 /* JailityTests */,
				6D4EDE5D290017F1001FACB6 /* JailityUITests */,
				6D4EDE41290017EF001FACB6 /* Products */,
			);
			sourceTree = "<group>";
		};
		6D4EDE41290017EF001FACB6 /* Products */ = {
			isa = PBXGroup;
			children = (
				6D4EDE40290017EF001FACB6 /* Jaility.app */,
				6D4EDE50290017F1001FACB6 /* JailityTests.xctest */,
				6D4EDE5A290017F1001FACB6 /* JailityUITests.xctest */,
			);
			name = Products;
			sourceTree = "<group>";
		};
		6D4EDE42290017EF001FACB6 /* Jaility */ = {
			isa = PBXGroup;
			children = (
				6D4EDE43290017EF001FACB6 /* JailityApp.swift */,
				6D4EDE45290017EF001FACB6 /* ContentView.swift */,
				6D4EDE47290017F0001FACB6 /* Assets.xcassets */,
				6D4EDE49290017F0001FACB6 /* Preview Content */,
				6D4EDE6D290018CA001FACB6 /* TweaksView.swift */,
				6D4EDE6F2900197D001FACB6 /* ThemesView.swift */,
				6D4EDE7429003CC3001FACB6 /* OtherView.swift */,
			);
			path = Jaility;
			sourceTree = "<group>";
		};
		6D4EDE49290017F0001FACB6 /* Preview Content */ = {
			isa = PBXGroup;
			children = (
				6D4EDE4A290017F0001FACB6 /* Preview Assets.xcassets */,
			);
			path = "Preview Content";
			sourceTree = "<group>";
		};
		6D4EDE53290017F1001FACB6 /* JailityTests */ = {
			isa = PBXGroup;
			children = (
				6D4EDE54290017F1001FACB6 /* JailityTests.swift */,
			);
			path = JailityTests;
			sourceTree = "<group>";
		};
		6D4EDE5D290017F1001FACB6 /* JailityUITests */ = {
			isa = PBXGroup;
			children = (
				6D4EDE5E290017F1001FACB6 /* JailityUITests.swift */,
				6D4EDE60290017F1001FACB6 /* JailityUITestsLaunchTests.swift */,
			);
			path = JailityUITests;
			sourceTree = "<group>";
		};
/* End PBXGroup section */

/* Begin PBXNativeTarget section */
		6D4EDE3F290017EF001FACB6 /* Jaility */ = {
			isa = PBXNativeTarget;
			buildConfigurationList = 6D4EDE64290017F1001FACB6 /* Build configuration list for PBXNativeTarget "Jaility" */;
			buildPhases = (
				6D4EDE3C290017EF001FACB6 /* Sources */,
				6D4EDE3D290017EF001FACB6 /* Frameworks */,
				6D4EDE3E290017EF001FACB6 /* Resources */,
			);
			buildRules = (
			);
			dependencies = (
			);
			name = Jaility;
			packageProductDependencies = (
				6D4EDE7229003750001FACB6 /* ZIPFoundation */,
			);
			productName = Jaility;
			productReference = 6D4EDE40290017EF001FACB6 /* Jaility.app */;
			productType = "com.apple.product-type.application";
		};
		6D4EDE4F290017F1001FACB6 /* JailityTests */ = {
			isa = PBXNativeTarget;
			buildConfigurationList = 6D4EDE67290017F1001FACB6 /* Build configuration list for PBXNativeTarget "JailityTests" */;
			buildPhases = (
				6D4EDE4C290017F1001FACB6 /* Sources */,
				6D4EDE4D290017F1001FACB6 /* Frameworks */,
				6D4EDE4E290017F1001FACB6 /* Resources */,
			);
			buildRules = (
			);
			dependencies = (
				6D4EDE52290017F1001FACB6 /* PBXTargetDependency */,
			);
			name = JailityTests;
			productName = JailityTests;
			productReference = 6D4EDE50290017F1001FACB6 /* JailityTests.xctest */;
			productType = "com.apple.product-type.bundle.unit-test";
		};
		6D4EDE59290017F1001FACB6 /* JailityUITests */ = {
			isa = PBXNativeTarget;
			buildConfigurationList = 6D4EDE6A290017F1001FACB6 /* Build configuration list for PBXNativeTarget "JailityUITests" */;
			buildPhases = (
				6D4EDE56290017F1001FACB6 /* Sources */,
				6D4EDE57290017F1001FACB6 /* Frameworks */,
				6D4EDE58290017F1001FACB6 /* Resources */,
			);
			buildRules = (
			);
			dependencies = (
				6D4EDE5C290017F1001FACB6 /* PBXTargetDependency */,
			);
			name = JailityUITests;
			productName = JailityUITests;
			productReference = 6D4EDE5A290017F1001FACB6 /* JailityUITests.xctest */;
			productType = "com.apple.product-type.bundle.ui-testing";
		};
/* End PBXNativeTarget section */

/* Begin PBXProject section */
		6D4EDE38290017EF001FACB6 /* Project object */ = {
			isa = PBXProject;
			attributes = {
				BuildIndependentTargetsInParallel = 1;
				LastSwiftUpdateCheck = 1410;
				LastUpgradeCheck = 1410;
				TargetAttributes = {
					6D4EDE3F290017EF001FACB6 = {
						CreatedOnToolsVersion = 14.1;
					};
					6D4EDE4F290017F1001FACB6 = {
						CreatedOnToolsVersion = 14.1;
						TestTargetID = 6D4EDE3F290017EF001FACB6;
					};
					6D4EDE59290017F1001FACB6 = {
						CreatedOnToolsVersion = 14.1;
						TestTargetID = 6D4EDE3F290017EF001FACB6;
					};
				};
			};
			buildConfigurationList = 6D4EDE3B290017EF001FACB6 /* Build configuration list for PBXProject "Jaility" */;
			compatibilityVersion = "Xcode 14.0";
			developmentRegion = en;
			hasScannedForEncodings = 0;
			knownRegions = (
				en,
				Base,
			);
			mainGroup = 6D4EDE37290017EF001FACB6;
			packageReferences = (
				6D4EDE7129003750001FACB6 /* XCRemoteSwiftPackageReference "ZIPFoundation" */,
			);
			productRefGroup = 6D4EDE41290017EF001FACB6 /* Products */;
			projectDirPath = "";
			projectRoot = "";
			targets = (
				6D4EDE3F290017EF001FACB6 /* Jaility */,
				6D4EDE4F290017F1001FACB6 /* JailityTests */,
				6D4EDE59290017F1001FACB6 /* JailityUITests */,
			);
		};
/* End PBXProject section */

/* Begin PBXResourcesBuildPhase section */
		6D4EDE3E290017EF001FACB6 /* Resources */ = {
			isa = PBXResourcesBuildPhase;
			buildActionMask = 2147483647;
			files = (
				6D4EDE4B290017F0001FACB6 /* Preview Assets.xcassets in Resources */,
				6D4EDE48290017F0001FACB6 /* Assets.xcassets in Resources */,
			);
			runOnlyForDeploymentPostprocessing = 0;
		};
		6D4EDE4E290017F1001FACB6 /* Resources */ = {
			isa = PBXResourcesBuildPhase;
			buildActionMask = 2147483647;
			files = (
			);
			runOnlyForDeploymentPostprocessing = 0;
		};
		6D4EDE58290017F1001FACB6 /* Resources */ = {
			isa = PBXResourcesBuildPhase;
			buildActionMask = 2147483647;
			files = (
			);
			runOnlyForDeploymentPostprocessing = 0;
		};
/* End PBXResourcesBuildPhase section */

/* Begin PBXSourcesBuildPhase section */
		6D4EDE3C290017EF001FACB6 /* Sources */ = {
			isa = PBXSourcesBuildPhase;
			buildActionMask = 2147483647;
			files = (
				6D4EDE702900197D001FACB6 /* ThemesView.swift in Sources */,
				6D4EDE46290017EF001FACB6 /* ContentView.swift in Sources */,
				6D4EDE44290017EF001FACB6 /* JailityApp.swift in Sources */,
				6D4EDE6E290018CA001FACB6 /* TweaksView.swift in Sources */,
				6D4EDE7529003CC3001FACB6 /* OtherView.swift in Sources */,
			);
			runOnlyForDeploymentPostprocessing = 0;
		};
		6D4EDE4C290017F1001FACB6 /* Sources */ = {
			isa = PBXSourcesBuildPhase;
			buildActionMask = 2147483647;
			files = (
				6D4EDE55290017F1001FACB6 /* JailityTests.swift in Sources */,
			);
			runOnlyForDeploymentPostprocessing = 0;
		};
		6D4EDE56290017F1001FACB6 /* Sources */ = {
			isa = PBXSourcesBuildPhase;
			buildActionMask = 2147483647;
			files = (
				6D4EDE5F290017F1001FACB6 /* JailityUITests.swift in Sources */,
				6D4EDE61290017F1001FACB6 /* JailityUITestsLaunchTests.swift in Sources */,
			);
			runOnlyForDeploymentPostprocessing = 0;
		};
/* End PBXSourcesBuildPhase section */

/* Begin PBXTargetDependency section */
		6D4EDE52290017F1001FACB6 /* PBXTargetDependency */ = {
			isa = PBXTargetDependency;
			target = 6D4EDE3F290017EF001FACB6 /* Jaility */;
			targetProxy = 6D4EDE51290017F1001FACB6 /* PBXContainerItemProxy */;
		};
		6D4EDE5C290017F1001FACB6 /* PBXTargetDependency */ = {
			isa = PBXTargetDependency;
			target = 6D4EDE3F290017EF001FACB6 /* Jaility */;
			targetProxy = 6D4EDE5B290017F1001FACB6 /* PBXContainerItemProxy */;
		};
/* End PBXTargetDependency section */

/* Begin XCBuildConfiguration section */
		6D4EDE62290017F1001FACB6 /* Debug */ = {
			isa = XCBuildConfiguration;
			buildSettings = {
				ALWAYS_SEARCH_USER_PATHS = NO;
				CLANG_ANALYZER_NONNULL = YES;
				CLANG_ANALYZER_NUMBER_OBJECT_CONVERSION = YES_AGGRESSIVE;
				CLANG_CXX_LANGUAGE_STANDARD = "gnu++20";
				CLANG_ENABLE_MODULES = YES;
				CLANG_ENABLE_OBJC_ARC = YES;
				CLANG_ENABLE_OBJC_WEAK = YES;
				CLANG_WARN_BLOCK_CAPTURE_AUTORELEASING = YES;
				CLANG_WARN_BOOL_CONVERSION = YES;
				CLANG_WARN_COMMA = YES;
				CLANG_WARN_CONSTANT_CONVERSION = YES;
				CLANG_WARN_DEPRECATED_OBJC_IMPLEMENTATIONS = YES;
				CLANG_WARN_DIRECT_OBJC_ISA_USAGE = YES_ERROR;
				CLANG_WARN_DOCUMENTATION_COMMENTS = YES;
				CLANG_WARN_EMPTY_BODY = YES;
				CLANG_WARN_ENUM_CONVERSION = YES;
				CLANG_WARN_INFINITE_RECURSION = YES;
				CLANG_WARN_INT_CONVERSION = YES;
				CLANG_WARN_NON_LITERAL_NULL_CONVERSION = YES;
				CLANG_WARN_OBJC_IMPLICIT_RETAIN_SELF = YES;
				CLANG_WARN_OBJC_LITERAL_CONVERSION = YES;
				CLANG_WARN_OBJC_ROOT_CLASS = YES_ERROR;
				CLANG_WARN_QUOTED_INCLUDE_IN_FRAMEWORK_HEADER = YES;
				CLANG_WARN_RANGE_LOOP_ANALYSIS = YES;
				CLANG_WARN_STRICT_PROTOTYPES = YES;
				CLANG_WARN_SUSPICIOUS_MOVE = YES;
				CLANG_WARN_UNGUARDED_AVAILABILITY = YES_AGGRESSIVE;
				CLANG_WARN_UNREACHABLE_CODE = YES;
				CLANG_WARN__DUPLICATE_METHOD_MATCH = YES;
				COPY_PHASE_STRIP = NO;
				DEBUG_INFORMATION_FORMAT = dwarf;
				ENABLE_STRICT_OBJC_MSGSEND = YES;
				ENABLE_TESTABILITY = YES;
				GCC_C_LANGUAGE_STANDARD = gnu11;
				GCC_DYNAMIC_NO_PIC = NO;
				GCC_NO_COMMON_BLOCKS = YES;
				GCC_OPTIMIZATION_LEVEL = 0;
				GCC_PREPROCESSOR_DEFINITIONS = (
					"DEBUG=1",
					"$(inherited)",
				);
				GCC_WARN_64_TO_32_BIT_CONVERSION = YES;
				GCC_WARN_ABOUT_RETURN_TYPE = YES_ERROR;
				GCC_WARN_UNDECLARED_SELECTOR = YES;
				GCC_WARN_UNINITIALIZED_AUTOS = YES_AGGRESSIVE;
				GCC_WARN_UNUSED_FUNCTION = YES;
				GCC_WARN_UNUSED_VARIABLE = YES;
				IPHONEOS_DEPLOYMENT_TARGET = 16.1;
				MTL_ENABLE_DEBUG_INFO = INCLUDE_SOURCE;
				MTL_FAST_MATH = YES;
				ONLY_ACTIVE_ARCH = YES;
				SDKROOT = iphoneos;
				SWIFT_ACTIVE_COMPILATION_CONDITIONS = DEBUG;
				SWIFT_OPTIMIZATION_LEVEL = "-Onone";
			};
			name = Debug;
		};
		6D4EDE63290017F1001FACB6 /* Release */ = {
			isa = XCBuildConfiguration;
			buildSettings = {
				ALWAYS_SEARCH_USER_PATHS = NO;
				CLANG_ANALYZER_NONNULL = YES;
				CLANG_ANALYZER_NUMBER_OBJECT_CONVERSION = YES_AGGRESSIVE;
				CLANG_CXX_LANGUAGE_STANDARD = "gnu++20";
				CLANG_ENABLE_MODULES = YES;
				CLANG_ENABLE_OBJC_ARC = YES;
				CLANG_ENABLE_OBJC_WEAK = YES;
				CLANG_WARN_BLOCK_CAPTURE_AUTORELEASING = YES;
				CLANG_WARN_BOOL_CONVERSION = YES;
				CLANG_WARN_COMMA = YES;
				CLANG_WARN_CONSTANT_CONVERSION = YES;
				CLANG_WARN_DEPRECATED_OBJC_IMPLEMENTATIONS = YES;
				CLANG_WARN_DIRECT_OBJC_ISA_USAGE = YES_ERROR;
				CLANG_WARN_DOCUMENTATION_COMMENTS = YES;
				CLANG_WARN_EMPTY_BODY = YES;
				CLANG_WARN_ENUM_CONVERSION = YES;
				CLANG_WARN_INFINITE_RECURSION = YES;
				CLANG_WARN_INT_CONVERSION = YES;
				CLANG_WARN_NON_LITERAL_NULL_CONVERSION = YES;
				CLANG_WARN_OBJC_IMPLICIT_RETAIN_SELF = YES;
				CLANG_WARN_OBJC_LITERAL_CONVERSION = YES;
				CLANG_WARN_OBJC_ROOT_CLASS = YES_ERROR;
				CLANG_WARN_QUOTED_INCLUDE_IN_FRAMEWORK_HEADER = YES;
				CLANG_WARN_RANGE_LOOP_ANALYSIS = YES;
				CLANG_WARN_STRICT_PROTOTYPES = YES;
				CLANG_WARN_SUSPICIOUS_MOVE = YES;
				CLANG_WARN_UNGUARDED_AVAILABILITY = YES_AGGRESSIVE;
				CLANG_WARN_UNREACHABLE_CODE = YES;
				CLANG_WARN__DUPLICATE_METHOD_MATCH = YES;
				COPY_PHASE_STRIP = NO;
				DEBUG_INFORMATION_FORMAT = "dwarf-with-dsym";
				ENABLE_NS_ASSERTIONS = NO;
				ENABLE_STRICT_OBJC_MSGSEND = YES;
				GCC_C_LANGUAGE_STANDARD = gnu11;
				GCC_NO_COMMON_BLOCKS = YES;
				GCC_WARN_64_TO_32_BIT_CONVERSION = YES;
				GCC_WARN_ABOUT_RETURN_TYPE = YES_ERROR;
				GCC_WARN_UNDECLARED_SELECTOR = YES;
				GCC_WARN_UNINITIALIZED_AUTOS = YES_AGGRESSIVE;
				GCC_WARN_UNUSED_FUNCTION = YES;
				GCC_WARN_UNUSED_VARIABLE = YES;
				IPHONEOS_DEPLOYMENT_TARGET = 16.1;
				MTL_ENABLE_DEBUG_INFO = NO;
				MTL_FAST_MATH = YES;
				SDKROOT = iphoneos;
				SWIFT_COMPILATION_MODE = wholemodule;
				SWIFT_OPTIMIZATION_LEVEL = "-O";
				VALIDATE_PRODUCT = YES;
			};
			name = Release;
		};
		6D4EDE65290017F1001FACB6 /* Debug */ = {
			isa = XCBuildConfiguration;
			buildSettings = {
				ASSETCATALOG_COMPILER_APPICON_NAME = AppIcon;
				ASSETCATALOG_COMPILER_GLOBAL_ACCENT_COLOR_NAME = AccentColor;
				CODE_SIGN_STYLE = Automatic;
				CURRENT_PROJECT_VERSION = final;
				DEVELOPMENT_ASSET_PATHS = "\"Jaility/Preview Content\"";
				DEVELOPMENT_TEAM = A999YUQPG2;
				ENABLE_PREVIEWS = YES;
				GENERATE_INFOPLIST_FILE = YES;
				INFOPLIST_KEY_LSApplicationCategoryType = "public.app-category.utilities";
				INFOPLIST_KEY_UIApplicationSceneManifest_Generation = YES;
				INFOPLIST_KEY_UIApplicationSupportsIndirectInputEvents = YES;
				INFOPLIST_KEY_UILaunchScreen_Generation = YES;
				INFOPLIST_KEY_UISupportedInterfaceOrientations = UIInterfaceOrientationPortrait;
				INFOPLIST_KEY_UISupportedInterfaceOrientations_iPad = "UIInterfaceOrientationLandscapeLeft UIInterfaceOrientationLandscapeRight UIInterfaceOrientationPortrait UIInterfaceOrientationPortraitUpsideDown";
				IPHONEOS_DEPLOYMENT_TARGET = 14.0;
				LD_RUNPATH_SEARCH_PATHS = (
					"$(inherited)",
					"@executable_path/Frameworks",
				);
				MARKETING_VERSION = 3.0;
				PRODUCT_BUNDLE_IDENTIFIER = org.haxi0.Jaility;
				PRODUCT_NAME = "$(TARGET_NAME)";
				SUPPORTED_PLATFORMS = "iphoneos iphonesimulator";
				SUPPORTS_MACCATALYST = NO;
				SUPPORTS_MAC_DESIGNED_FOR_IPHONE_IPAD = NO;
				SWIFT_EMIT_LOC_STRINGS = YES;
				SWIFT_VERSION = 5.0;
				TARGETED_DEVICE_FAMILY = "1,2";
			};
			name = Debug;
		};
		6D4EDE66290017F1001FACB6 /* Release */ = {
			isa = XCBuildConfiguration;
			buildSettings = {
				ASSETCATALOG_COMPILER_APPICON_NAME = AppIcon;
				ASSETCATALOG_COMPILER_GLOBAL_ACCENT_COLOR_NAME = AccentColor;
				CODE_SIGN_STYLE = Automatic;
				CURRENT_PROJECT_VERSION = final;
				DEVELOPMENT_ASSET_PATHS = "\"Jaility/Preview Content\"";
				DEVELOPMENT_TEAM = A999YUQPG2;
				ENABLE_PREVIEWS = YES;
				GENERATE_INFOPLIST_FILE = YES;
				INFOPLIST_KEY_LSApplicationCategoryType = "public.app-category.utilities";
				INFOPLIST_KEY_UIApplicationSceneManifest_Generation = YES;
				INFOPLIST_KEY_UIApplicationSupportsIndirectInputEvents = YES;
				INFOPLIST_KEY_UILaunchScreen_Generation = YES;
				INFOPLIST_KEY_UISupportedInterfaceOrientations = UIInterfaceOrientationPortrait;
				INFOPLIST_KEY_UISupportedInterfaceOrientations_iPad = "UIInterfaceOrientationLandscapeLeft UIInterfaceOrientationLandscapeRight UIInterfaceOrientationPortrait UIInterfaceOrientationPortraitUpsideDown";
				IPHONEOS_DEPLOYMENT_TARGET = 14.0;
				LD_RUNPATH_SEARCH_PATHS = (
					"$(inherited)",
					"@executable_path/Frameworks",
				);
				MARKETING_VERSION = 3.0;
				PRODUCT_BUNDLE_IDENTIFIER = org.haxi0.Jaility;
				PRODUCT_NAME = "$(TARGET_NAME)";
				SUPPORTED_PLATFORMS = "iphoneos iphonesimulator";
				SUPPORTS_MACCATALYST = NO;
				SUPPORTS_MAC_DESIGNED_FOR_IPHONE_IPAD = NO;
				SWIFT_EMIT_LOC_STRINGS = YES;
				SWIFT_VERSION = 5.0;
				TARGETED_DEVICE_FAMILY = "1,2";
			};
			name = Release;
		};
		6D4EDE68290017F1001FACB6 /* Debug */ = {
			isa = XCBuildConfiguration;
			buildSettings = {
				ALWAYS_EMBED_SWIFT_STANDARD_LIBRARIES = YES;
				BUNDLE_LOADER = "$(TEST_HOST)";
				CODE_SIGN_STYLE = Automatic;
				CURRENT_PROJECT_VERSION = 1;
				DEVELOPMENT_TEAM = A999YUQPG2;
				GENERATE_INFOPLIST_FILE = YES;
				IPHONEOS_DEPLOYMENT_TARGET = 16.1;
				MARKETING_VERSION = 1.0;
				PRODUCT_BUNDLE_IDENTIFIER = org.haxi0.JailityTests;
				PRODUCT_NAME = "$(TARGET_NAME)";
				SWIFT_EMIT_LOC_STRINGS = NO;
				SWIFT_VERSION = 5.0;
				TARGETED_DEVICE_FAMILY = "1,2";
				TEST_HOST = "$(BUILT_PRODUCTS_DIR)/Jaility.app/$(BUNDLE_EXECUTABLE_FOLDER_PATH)/Jaility";
			};
			name = Debug;
		};
		6D4EDE69290017F1001FACB6 /* Release */ = {
			isa = XCBuildConfiguration;
			buildSettings = {
				ALWAYS_EMBED_SWIFT_STANDARD_LIBRARIES = YES;
				BUNDLE_LOADER = "$(TEST_HOST)";
				CODE_SIGN_STYLE = Automatic;
				CURRENT_PROJECT_VERSION = 1;
				DEVELOPMENT_TEAM = A999YUQPG2;
				GENERATE_INFOPLIST_FILE = YES;
				IPHONEOS_DEPLOYMENT_TARGET = 16.1;
				MARKETING_VERSION = 1.0;
				PRODUCT_BUNDLE_IDENTIFIER = org.haxi0.JailityTests;
				PRODUCT_NAME = "$(TARGET_NAME)";
				SWIFT_EMIT_LOC_STRINGS = NO;
				SWIFT_VERSION = 5.0;
				TARGETED_DEVICE_FAMILY = "1,2";
				TEST_HOST = "$(BUILT_PRODUCTS_DIR)/Jaility.app/$(BUNDLE_EXECUTABLE_FOLDER_PATH)/Jaility";
			};
			name = Release;
		};
		6D4EDE6B290017F1001FACB6 /* Debug */ = {
			isa = XCBuildConfiguration;
			buildSettings = {
				ALWAYS_EMBED_SWIFT_STANDARD_LIBRARIES = YES;
				CODE_SIGN_STYLE = Automatic;
				CURRENT_PROJECT_VERSION = 1;
				DEVELOPMENT_TEAM = A999YUQPG2;
				GENERATE_INFOPLIST_FILE = YES;
				MARKETING_VERSION = 1.0;
				PRODUCT_BUNDLE_IDENTIFIER = org.haxi0.JailityUITests;
				PRODUCT_NAME = "$(TARGET_NAME)";
				SWIFT_EMIT_LOC_STRINGS = NO;
				SWIFT_VERSION = 5.0;
				TARGETED_DEVICE_FAMILY = "1,2";
				TEST_TARGET_NAME = Jaility;
			};
			name = Debug;
		};
		6D4EDE6C290017F1001FACB6 /* Release */ = {
			isa = XCBuildConfiguration;
			buildSettings = {
				ALWAYS_EMBED_SWIFT_STANDARD_LIBRARIES = YES;
				CODE_SIGN_STYLE = Automatic;
				CURRENT_PROJECT_VERSION = 1;
				DEVELOPMENT_TEAM = A999YUQPG2;
				GENERATE_INFOPLIST_FILE = YES;
				MARKETING_VERSION = 1.0;
				PRODUCT_BUNDLE_IDENTIFIER = org.haxi0.JailityUITests;
				PRODUCT_NAME = "$(TARGET_NAME)";
				SWIFT_EMIT_LOC_STRINGS = NO;
				SWIFT_VERSION = 5.0;
				TARGETED_DEVICE_FAMILY = "1,2";
				TEST_TARGET_NAME = Jaility;
			};
			name = Release;
		};
/* End XCBuildConfiguration section */

/* Begin XCConfigurationList section */
		6D4EDE3B290017EF001FACB6 /* Build configuration list for PBXProject "Jaility" */ = {
			isa = XCConfigurationList;
			buildConfigurations = (
				6D4EDE62290017F1001FACB6 /* Debug */,
				6D4EDE63290017F1001FACB6 /* Release */,
			);
			defaultConfigurationIsVisible = 0;
			defaultConfigurationName = Release;
		};
		6D4EDE64290017F1001FACB6 /* Build configuration list for PBXNativeTarget "Jaility" */ = {
			isa = XCConfigurationList;
			buildConfigurations = (
				6D4EDE65290017F1001FACB6 /* Debug */,
				6D4EDE66290017F1001FACB6 /* Release */,
			);
			defaultConfigurationIsVisible = 0;
			defaultConfigurationName = Release;
		};
		6D4EDE67290017F1001FACB6 /* Build configuration list for PBXNativeTarget "JailityTests" */ = {
			isa = XCConfigurationList;
			buildConfigurations = (
				6D4EDE68290017F1001FACB6 /* Debug */,
				6D4EDE69290017F1001FACB6 /* Release */,
			);
			defaultConfigurationIsVisible = 0;
			defaultConfigurationName = Release;
		};
		6D4EDE6A290017F1001FACB6 /* Build configuration list for PBXNativeTarget "JailityUITests" */ = {
			isa = XCConfigurationList;
			buildConfigurations = (
				6D4EDE6B290017F1001FACB6 /* Debug */,
				6D4EDE6C290017F1001FACB6 /* Release */,
			);
			defaultConfigurationIsVisible = 0;
			defaultConfigurationName = Release;
		};
/* End XCConfigurationList section */

/* Begin XCRemoteSwiftPackageReference section */
		6D4EDE7129003750001FACB6 /* XCRemoteSwiftPackageReference "ZIPFoundation" */ = {
			isa = XCRemoteSwiftPackageReference;
			repositoryURL = "https://github.com/weichsel/ZIPFoundation.git";
			requirement = {
				kind = upToNextMajorVersion;
				minimumVersion = 0.9.9;
			};
		};
/* End XCRemoteSwiftPackageReference section */

/* Begin XCSwiftPackageProductDependency section */
		6D4EDE7229003750001FACB6 /* ZIPFoundation */ = {
			isa = XCSwiftPackageProductDependency;
			package = 6D4EDE7129003750001FACB6 /* XCRemoteSwiftPackageReference "ZIPFoundation" */;
			productName = ZIPFoundation;
		};
/* End XCSwiftPackageProductDependency section */
	};
	rootObject = 6D4EDE38290017EF001FACB6 /* Project object */;
}
